
Microsoft Visual Studio Solution File, Format Version 12.00
# Visual Studio Version 17
VisualStudioVersion = 17.2.32516.85
MinimumVisualStudioVersion = 10.0.40219.1
Project("{9A19103F-16F7-4668-BE54-9A1E7A4F7556}") = "NDSF.WebAPI", "NDSF.WebAPI\NDSF.WebAPI.csproj", "{12D42A68-7A6C-4FE9-A0BC-FBABAF5191F5}"
EndProject
Project("{2150E333-8FDC-42A3-9474-1A3956D46DE8}") = "Build", "Build", "{5DDD6B7C-2D41-48B9-86CB-D3497CFCCB6B}"
EndProject
Project("{2150E333-8FDC-42A3-9474-1A3956D46DE8}") = "Infrastructures", "Infrastructures", "{76D5DB7C-AA56-4D0C-BFD1-1451372178AE}"
EndProject
Project("{2150E333-8FDC-42A3-9474-1A3956D46DE8}") = "Src", "Src", "{1EBF306D-4F0C-4672-8089-9351E2D600B9}"
EndProject
Project("{2150E333-8FDC-42A3-9474-1A3956D46DE8}") = "Test", "Test", "{4927C9F0-3311-46FE-8B4A-24FC445E4C2C}"
EndProject
Project("{2150E333-8FDC-42A3-9474-1A3956D46DE8}") = "Dapr", "Dapr", "{F9DC79A6-340F-4CC6-8A1A-96B2BF65A4A9}"
EndProject
Project("{2150E333-8FDC-42A3-9474-1A3956D46DE8}") = "Services", "Services", "{95ABFE86-4CDC-4DF8-AE45-3C7E2F55D668}"
EndProject
Project("{2150E333-8FDC-42A3-9474-1A3956D46DE8}") = "Web", "Web", "{6C702A84-A64A-4DC6-8E8A-A02F1F22037D}"
EndProject
Project("{2150E333-8FDC-42A3-9474-1A3956D46DE8}") = "ApiGateways", "ApiGateways", "{E2E7B3AE-1D6C-4BD2-B783-6A985BBF3CE4}"
EndProject
Project("{2150E333-8FDC-42A3-9474-1A3956D46DE8}") = "BuildingBlocks", "BuildingBlocks", "{23416742-F9DF-46C8-8777-E2582ED65CCA}"
EndProject
Project("{2150E333-8FDC-42A3-9474-1A3956D46DE8}") = "components", "components", "{9DCF6DBA-37BA-439F-B578-CB7D1911488A}"
EndProject
Project("{2150E333-8FDC-42A3-9474-1A3956D46DE8}") = "configuration", "configuration", "{BFD9C23F-EC18-4083-BD5E-A0E9EC223FD3}"
EndProject
Project("{E53339B2-1760-4266-BCC7-CA923CBCF16C}") = "docker-compose", "docker-compose.dcproj", "{612C26EB-41D2-48DF-85A9-C4F0FED32D87}"
EndProject
Global
	GlobalSection(SolutionConfigurationPlatforms) = preSolution
		Debug|Any CPU = Debug|Any CPU
		Release|Any CPU = Release|Any CPU
	EndGlobalSection
	GlobalSection(ProjectConfigurationPlatforms) = postSolution
		{12D42A68-7A6C-4FE9-A0BC-FBABAF5191F5}.Debug|Any CPU.ActiveCfg = Debug|Any CPU
		{12D42A68-7A6C-4FE9-A0BC-FBABAF5191F5}.Debug|Any CPU.Build.0 = Debug|Any CPU
		{12D42A68-7A6C-4FE9-A0BC-FBABAF5191F5}.Release|Any CPU.ActiveCfg = Release|Any CPU
		{12D42A68-7A6C-4FE9-A0BC-FBABAF5191F5}.Release|Any CPU.Build.0 = Release|Any CPU
		{612C26EB-41D2-48DF-85A9-C4F0FED32D87}.Debug|Any CPU.ActiveCfg = Debug|Any CPU
		{612C26EB-41D2-48DF-85A9-C4F0FED32D87}.Debug|Any CPU.Build.0 = Debug|Any CPU
		{612C26EB-41D2-48DF-85A9-C4F0FED32D87}.Release|Any CPU.ActiveCfg = Release|Any CPU
		{612C26EB-41D2-48DF-85A9-C4F0FED32D87}.Release|Any CPU.Build.0 = Release|Any CPU
	EndGlobalSection
	GlobalSection(SolutionProperties) = preSolution
		HideSolutionNode = FALSE
	EndGlobalSection
	GlobalSection(NestedProjects) = preSolution
		{12D42A68-7A6C-4FE9-A0BC-FBABAF5191F5} = {6C702A84-A64A-4DC6-8E8A-A02F1F22037D}
		{95ABFE86-4CDC-4DF8-AE45-3C7E2F55D668} = {1EBF306D-4F0C-4672-8089-9351E2D600B9}
		{6C702A84-A64A-4DC6-8E8A-A02F1F22037D} = {1EBF306D-4F0C-4672-8089-9351E2D600B9}
		{E2E7B3AE-1D6C-4BD2-B783-6A985BBF3CE4} = {1EBF306D-4F0C-4672-8089-9351E2D600B9}
		{23416742-F9DF-46C8-8777-E2582ED65CCA} = {1EBF306D-4F0C-4672-8089-9351E2D600B9}
		{9DCF6DBA-37BA-439F-B578-CB7D1911488A} = {F9DC79A6-340F-4CC6-8A1A-96B2BF65A4A9}
		{BFD9C23F-EC18-4083-BD5E-A0E9EC223FD3} = {F9DC79A6-340F-4CC6-8A1A-96B2BF65A4A9}
	EndGlobalSection
	GlobalSection(ExtensibilityGlobals) = postSolution
		SolutionGuid = {4B552A71-C893-4889-9436-C3C3D8E8D7C7}
	EndGlobalSection
EndGlobal
