
Microsoft Visual Studio Solution File, Format Version 12.00
# Visual Studio Version 17
VisualStudioVersion = 17.2.32516.85
MinimumVisualStudioVersion = 10.0.40219.1
Project("{FAE04EC0-301F-11D3-BF4B-00C04F79EFBC}") = "NDSF.WebAPI", "NDSF.WebAPI\NDSF.WebAPI.csproj", "{12D42A68-7A6C-4FE9-A0BC-FBABAF5191F5}"
EndProject
Global
	GlobalSection(SolutionConfigurationPlatforms) = preSolution
		Debug|Any CPU = Debug|Any CPU
		Release|Any CPU = Release|Any CPU
	EndGlobalSection
	GlobalSection(ProjectConfigurationPlatforms) = postSolution
		{12D42A68-7A6C-4FE9-A0BC-FBABAF5191F5}.Debug|Any CPU.ActiveCfg = Debug|Any CPU
		{12D42A68-7A6C-4FE9-A0BC-FBABAF5191F5}.Debug|Any CPU.Build.0 = Debug|Any CPU
		{12D42A68-7A6C-4FE9-A0BC-FBABAF5191F5}.Release|Any CPU.ActiveCfg = Release|Any CPU
		{12D42A68-7A6C-4FE9-A0BC-FBABAF5191F5}.Release|Any CPU.Build.0 = Release|Any CPU
	EndGlobalSection
	GlobalSection(SolutionProperties) = preSolution
		HideSolutionNode = FALSE
	EndGlobalSection
	GlobalSection(ExtensibilityGlobals) = postSolution
		SolutionGuid = {4B552A71-C893-4889-9436-C3C3D8E8D7C7}
	EndGlobalSection
EndGlobal
